
Microsoft Visual Studio Solution File, Format Version 12.00
# Visual Studio 15
VisualStudioVersion = 15.0.27130.2027
MinimumVisualStudioVersion = 10.0.40219.1
Project("{FAE04EC0-301F-11D3-BF4B-00C04F79EFBC}") = "App2.Android", "App2\App2.Android\App2.Android.csproj", "{7FE74D0A-B124-40F9-A1E3-61AC14C89774}"
EndProject
Project("{FAE04EC0-301F-11D3-BF4B-00C04F79EFBC}") = "App2", "App2\App2\App2.csproj", "{F28A0431-82B2-4C49-A936-089F06A90F26}"
EndProject
Global
	GlobalSection(SolutionConfigurationPlatforms) = preSolution
		Debug|Any CPU = Debug|Any CPU
		Release|Any CPU = Release|Any CPU
	EndGlobalSection
	GlobalSection(ProjectConfigurationPlatforms) = postSolution
		{7FE74D0A-B124-40F9-A1E3-61AC14C89774}.Debug|Any CPU.ActiveCfg = Debug|Any CPU
		{7FE74D0A-B124-40F9-A1E3-61AC14C89774}.Debug|Any CPU.Build.0 = Debug|Any CPU
		{7FE74D0A-B124-40F9-A1E3-61AC14C89774}.Debug|Any CPU.Deploy.0 = Debug|Any CPU
		{7FE74D0A-B124-40F9-A1E3-61AC14C89774}.Release|Any CPU.ActiveCfg = Release|Any CPU
		{7FE74D0A-B124-40F9-A1E3-61AC14C89774}.Release|Any CPU.Build.0 = Release|Any CPU
		{7FE74D0A-B124-40F9-A1E3-61AC14C89774}.Release|Any CPU.Deploy.0 = Release|Any CPU
		{F28A0431-82B2-4C49-A936-089F06A90F26}.Debug|Any CPU.ActiveCfg = Debug|Any CPU
		{F28A0431-82B2-4C49-A936-089F06A90F26}.Debug|Any CPU.Build.0 = Debug|Any CPU
		{F28A0431-82B2-4C49-A936-089F06A90F26}.Release|Any CPU.ActiveCfg = Release|Any CPU
		{F28A0431-82B2-4C49-A936-089F06A90F26}.Release|Any CPU.Build.0 = Release|Any CPU
	EndGlobalSection
	GlobalSection(SolutionProperties) = preSolution
		HideSolutionNode = FALSE
	EndGlobalSection
	GlobalSection(ExtensibilityGlobals) = postSolution
		SolutionGuid = {D5A35FCC-CF5C-40F0-9BA1-F0D8EAC9EB05}
	EndGlobalSection
EndGlobal
